// !$*UTF8*$!
{
	archiveVersion = 1;
	classes = {
	};
	objectVersion = 56;
	objects = {

/* Begin PBXBuildFile section */
		74206C11A606AE5B599E2EC2 /* Pods_VERO_DigitalSolutions_CaseStudyTests.framework in Frameworks */ = {isa = PBXBuildFile; fileRef = 9B7117AE06D780F97FAEBD5E /* Pods_VERO_DigitalSolutions_CaseStudyTests.framework */; };
		8DA2F376193754F32AC706E3 /* Pods_VERO_DigitalSolutions_CaseStudy.framework in Frameworks */ = {isa = PBXBuildFile; fileRef = A8B0A49FAAF31D54F7B60577 /* Pods_VERO_DigitalSolutions_CaseStudy.framework */; };
		A9396FEE29A0E597001B0C17 /* NetworkService.swift in Sources */ = {isa = PBXBuildFile; fileRef = A9396FED29A0E597001B0C17 /* NetworkService.swift */; };
		A9396FF029A10DD3001B0C17 /* Constants.swift in Sources */ = {isa = PBXBuildFile; fileRef = A9396FEF29A10DD3001B0C17 /* Constants.swift */; };
		A9396FF229A11897001B0C17 /* Extension+UIViewController.swift in Sources */ = {isa = PBXBuildFile; fileRef = A9396FF129A11897001B0C17 /* Extension+UIViewController.swift */; };
		A9655A3029A00282006897F1 /* AppDelegate.swift in Sources */ = {isa = PBXBuildFile; fileRef = A9655A2F29A00282006897F1 /* AppDelegate.swift */; };
		A9655A3229A00282006897F1 /* SceneDelegate.swift in Sources */ = {isa = PBXBuildFile; fileRef = A9655A3129A00282006897F1 /* SceneDelegate.swift */; };
		A9655A3929A00285006897F1 /* Assets.xcassets in Resources */ = {isa = PBXBuildFile; fileRef = A9655A3829A00285006897F1 /* Assets.xcassets */; };
		A9655A3C29A00285006897F1 /* LaunchScreen.storyboard in Resources */ = {isa = PBXBuildFile; fileRef = A9655A3A29A00285006897F1 /* LaunchScreen.storyboard */; };
		A9655A4729A00285006897F1 /* VERO_DigitalSolutions_CaseStudyTests.swift in Sources */ = {isa = PBXBuildFile; fileRef = A9655A4629A00285006897F1 /* VERO_DigitalSolutions_CaseStudyTests.swift */; };
		A9655A5129A00285006897F1 /* VERO_DigitalSolutions_CaseStudyUITests.swift in Sources */ = {isa = PBXBuildFile; fileRef = A9655A5029A00285006897F1 /* VERO_DigitalSolutions_CaseStudyUITests.swift */; };
		A9655A5329A00285006897F1 /* VERO_DigitalSolutions_CaseStudyUITestsLaunchTests.swift in Sources */ = {isa = PBXBuildFile; fileRef = A9655A5229A00285006897F1 /* VERO_DigitalSolutions_CaseStudyUITestsLaunchTests.swift */; };
		A9655A7029A004E0006897F1 /* Extension+UIView.swift in Sources */ = {isa = PBXBuildFile; fileRef = A9655A6F29A004E0006897F1 /* Extension+UIView.swift */; };
		A9655A7829A00A49006897F1 /* LoginPresenter.swift in Sources */ = {isa = PBXBuildFile; fileRef = A9655A7229A00A49006897F1 /* LoginPresenter.swift */; };
		A9655A7929A00A49006897F1 /* LoginWorker.swift in Sources */ = {isa = PBXBuildFile; fileRef = A9655A7329A00A49006897F1 /* LoginWorker.swift */; };
		A9655A7A29A00A49006897F1 /* LoginRouter.swift in Sources */ = {isa = PBXBuildFile; fileRef = A9655A7429A00A49006897F1 /* LoginRouter.swift */; };
		A9655A7B29A00A49006897F1 /* LoginModels.swift in Sources */ = {isa = PBXBuildFile; fileRef = A9655A7529A00A49006897F1 /* LoginModels.swift */; };
		A9655A7C29A00A49006897F1 /* LoginViewController.swift in Sources */ = {isa = PBXBuildFile; fileRef = A9655A7629A00A49006897F1 /* LoginViewController.swift */; };
		A9655A7D29A00A49006897F1 /* LoginInteractor.swift in Sources */ = {isa = PBXBuildFile; fileRef = A9655A7729A00A49006897F1 /* LoginInteractor.swift */; };
		A9655A7F29A00FFF006897F1 /* Extension+UserDefaults.swift in Sources */ = {isa = PBXBuildFile; fileRef = A9655A7E29A00FFF006897F1 /* Extension+UserDefaults.swift */; };
		A9655A8229A010E9006897F1 /* ReachabilityManager.swift in Sources */ = {isa = PBXBuildFile; fileRef = A9655A8129A010E9006897F1 /* ReachabilityManager.swift */; };
		A9655A8829A01954006897F1 /* Extension+UIColor.swift in Sources */ = {isa = PBXBuildFile; fileRef = A9655A8729A01954006897F1 /* Extension+UIColor.swift */; };
		A994F14929A142FD00026470 /* TasksPresenter.swift in Sources */ = {isa = PBXBuildFile; fileRef = A994F14329A142FD00026470 /* TasksPresenter.swift */; };
		A994F14A29A142FD00026470 /* TasksWorker.swift in Sources */ = {isa = PBXBuildFile; fileRef = A994F14429A142FD00026470 /* TasksWorker.swift */; };
		A994F14B29A142FD00026470 /* TasksRouter.swift in Sources */ = {isa = PBXBuildFile; fileRef = A994F14529A142FD00026470 /* TasksRouter.swift */; };
		A994F14C29A142FD00026470 /* TasksModels.swift in Sources */ = {isa = PBXBuildFile; fileRef = A994F14629A142FD00026470 /* TasksModels.swift */; };
		A994F14D29A142FD00026470 /* TasksViewController.swift in Sources */ = {isa = PBXBuildFile; fileRef = A994F14729A142FD00026470 /* TasksViewController.swift */; };
		A994F14E29A142FD00026470 /* TasksInteractor.swift in Sources */ = {isa = PBXBuildFile; fileRef = A994F14829A142FD00026470 /* TasksInteractor.swift */; };
		A994F15029A17F6100026470 /* Extension+UISearchBar.swift in Sources */ = {isa = PBXBuildFile; fileRef = A994F14F29A17F6100026470 /* Extension+UISearchBar.swift */; };
		CD77DA87950FD1DB55E30663 /* Pods_VERO_DigitalSolutions_CaseStudy_VERO_DigitalSolutions_CaseStudyUITests.framework in Frameworks */ = {isa = PBXBuildFile; fileRef = AD994402A5561EE5AD938B8B /* Pods_VERO_DigitalSolutions_CaseStudy_VERO_DigitalSolutions_CaseStudyUITests.framework */; };
/* End PBXBuildFile section */

/* Begin PBXContainerItemProxy section */
		A9655A4329A00285006897F1 /* PBXContainerItemProxy */ = {
			isa = PBXContainerItemProxy;
			containerPortal = A9655A2429A00282006897F1 /* Project object */;
			proxyType = 1;
			remoteGlobalIDString = A9655A2B29A00282006897F1;
			remoteInfo = "VERO-DigitalSolutions-CaseStudy";
		};
		A9655A4D29A00285006897F1 /* PBXContainerItemProxy */ = {
			isa = PBXContainerItemProxy;
			containerPortal = A9655A2429A00282006897F1 /* Project object */;
			proxyType = 1;
			remoteGlobalIDString = A9655A2B29A00282006897F1;
			remoteInfo = "VERO-DigitalSolutions-CaseStudy";
		};
/* End PBXContainerItemProxy section */

/* Begin PBXFileReference section */
		3DE973EF9DE27C1E226F3E99 /* Pods-VERO-DigitalSolutions-CaseStudy.release.xcconfig */ = {isa = PBXFileReference; includeInIndex = 1; lastKnownFileType = text.xcconfig; name = "Pods-VERO-DigitalSolutions-CaseStudy.release.xcconfig"; path = "Target Support Files/Pods-VERO-DigitalSolutions-CaseStudy/Pods-VERO-DigitalSolutions-CaseStudy.release.xcconfig"; sourceTree = "<group>"; };
		6601F0042D2FF82C4A73E5AF /* Pods-VERO-DigitalSolutions-CaseStudyTests.release.xcconfig */ = {isa = PBXFileReference; includeInIndex = 1; lastKnownFileType = text.xcconfig; name = "Pods-VERO-DigitalSolutions-CaseStudyTests.release.xcconfig"; path = "Target Support Files/Pods-VERO-DigitalSolutions-CaseStudyTests/Pods-VERO-DigitalSolutions-CaseStudyTests.release.xcconfig"; sourceTree = "<group>"; };
		736DF959BB2C65F8BF80211E /* Pods-VERO-DigitalSolutions-CaseStudy-VERO-DigitalSolutions-CaseStudyUITests.release.xcconfig */ = {isa = PBXFileReference; includeInIndex = 1; lastKnownFileType = text.xcconfig; name = "Pods-VERO-DigitalSolutions-CaseStudy-VERO-DigitalSolutions-CaseStudyUITests.release.xcconfig"; path = "Target Support Files/Pods-VERO-DigitalSolutions-CaseStudy-VERO-DigitalSolutions-CaseStudyUITests/Pods-VERO-DigitalSolutions-CaseStudy-VERO-DigitalSolutions-CaseStudyUITests.release.xcconfig"; sourceTree = "<group>"; };
		9B7117AE06D780F97FAEBD5E /* Pods_VERO_DigitalSolutions_CaseStudyTests.framework */ = {isa = PBXFileReference; explicitFileType = wrapper.framework; includeInIndex = 0; path = Pods_VERO_DigitalSolutions_CaseStudyTests.framework; sourceTree = BUILT_PRODUCTS_DIR; };
		A8B0A49FAAF31D54F7B60577 /* Pods_VERO_DigitalSolutions_CaseStudy.framework */ = {isa = PBXFileReference; explicitFileType = wrapper.framework; includeInIndex = 0; path = Pods_VERO_DigitalSolutions_CaseStudy.framework; sourceTree = BUILT_PRODUCTS_DIR; };
		A9396FED29A0E597001B0C17 /* NetworkService.swift */ = {isa = PBXFileReference; lastKnownFileType = sourcecode.swift; path = NetworkService.swift; sourceTree = "<group>"; };
		A9396FEF29A10DD3001B0C17 /* Constants.swift */ = {isa = PBXFileReference; lastKnownFileType = sourcecode.swift; path = Constants.swift; sourceTree = "<group>"; };
		A9396FF129A11897001B0C17 /* Extension+UIViewController.swift */ = {isa = PBXFileReference; lastKnownFileType = sourcecode.swift; path = "Extension+UIViewController.swift"; sourceTree = "<group>"; };
		A9655A2C29A00282006897F1 /* VERO-DigitalSolutions-CaseStudy.app */ = {isa = PBXFileReference; explicitFileType = wrapper.application; includeInIndex = 0; path = "VERO-DigitalSolutions-CaseStudy.app"; sourceTree = BUILT_PRODUCTS_DIR; };
		A9655A2F29A00282006897F1 /* AppDelegate.swift */ = {isa = PBXFileReference; lastKnownFileType = sourcecode.swift; path = AppDelegate.swift; sourceTree = "<group>"; };
		A9655A3129A00282006897F1 /* SceneDelegate.swift */ = {isa = PBXFileReference; lastKnownFileType = sourcecode.swift; path = SceneDelegate.swift; sourceTree = "<group>"; };
		A9655A3829A00285006897F1 /* Assets.xcassets */ = {isa = PBXFileReference; lastKnownFileType = folder.assetcatalog; path = Assets.xcassets; sourceTree = "<group>"; };
		A9655A3B29A00285006897F1 /* Base */ = {isa = PBXFileReference; lastKnownFileType = file.storyboard; name = Base; path = Base.lproj/LaunchScreen.storyboard; sourceTree = "<group>"; };
		A9655A3D29A00285006897F1 /* Info.plist */ = {isa = PBXFileReference; lastKnownFileType = text.plist.xml; path = Info.plist; sourceTree = "<group>"; };
		A9655A4229A00285006897F1 /* VERO-DigitalSolutions-CaseStudyTests.xctest */ = {isa = PBXFileReference; explicitFileType = wrapper.cfbundle; includeInIndex = 0; path = "VERO-DigitalSolutions-CaseStudyTests.xctest"; sourceTree = BUILT_PRODUCTS_DIR; };
		A9655A4629A00285006897F1 /* VERO_DigitalSolutions_CaseStudyTests.swift */ = {isa = PBXFileReference; lastKnownFileType = sourcecode.swift; path = VERO_DigitalSolutions_CaseStudyTests.swift; sourceTree = "<group>"; };
		A9655A4C29A00285006897F1 /* VERO-DigitalSolutions-CaseStudyUITests.xctest */ = {isa = PBXFileReference; explicitFileType = wrapper.cfbundle; includeInIndex = 0; path = "VERO-DigitalSolutions-CaseStudyUITests.xctest"; sourceTree = BUILT_PRODUCTS_DIR; };
		A9655A5029A00285006897F1 /* VERO_DigitalSolutions_CaseStudyUITests.swift */ = {isa = PBXFileReference; lastKnownFileType = sourcecode.swift; path = VERO_DigitalSolutions_CaseStudyUITests.swift; sourceTree = "<group>"; };
		A9655A5229A00285006897F1 /* VERO_DigitalSolutions_CaseStudyUITestsLaunchTests.swift */ = {isa = PBXFileReference; lastKnownFileType = sourcecode.swift; path = VERO_DigitalSolutions_CaseStudyUITestsLaunchTests.swift; sourceTree = "<group>"; };
		A9655A6F29A004E0006897F1 /* Extension+UIView.swift */ = {isa = PBXFileReference; lastKnownFileType = sourcecode.swift; path = "Extension+UIView.swift"; sourceTree = "<group>"; };
		A9655A7229A00A49006897F1 /* LoginPresenter.swift */ = {isa = PBXFileReference; lastKnownFileType = sourcecode.swift; path = LoginPresenter.swift; sourceTree = "<group>"; };
		A9655A7329A00A49006897F1 /* LoginWorker.swift */ = {isa = PBXFileReference; lastKnownFileType = sourcecode.swift; path = LoginWorker.swift; sourceTree = "<group>"; };
		A9655A7429A00A49006897F1 /* LoginRouter.swift */ = {isa = PBXFileReference; lastKnownFileType = sourcecode.swift; path = LoginRouter.swift; sourceTree = "<group>"; };
		A9655A7529A00A49006897F1 /* LoginModels.swift */ = {isa = PBXFileReference; lastKnownFileType = sourcecode.swift; path = LoginModels.swift; sourceTree = "<group>"; };
		A9655A7629A00A49006897F1 /* LoginViewController.swift */ = {isa = PBXFileReference; lastKnownFileType = sourcecode.swift; path = LoginViewController.swift; sourceTree = "<group>"; };
		A9655A7729A00A49006897F1 /* LoginInteractor.swift */ = {isa = PBXFileReference; lastKnownFileType = sourcecode.swift; path = LoginInteractor.swift; sourceTree = "<group>"; };
		A9655A7E29A00FFF006897F1 /* Extension+UserDefaults.swift */ = {isa = PBXFileReference; lastKnownFileType = sourcecode.swift; path = "Extension+UserDefaults.swift"; sourceTree = "<group>"; };
		A9655A8129A010E9006897F1 /* ReachabilityManager.swift */ = {isa = PBXFileReference; lastKnownFileType = sourcecode.swift; path = ReachabilityManager.swift; sourceTree = "<group>"; };
		A9655A8729A01954006897F1 /* Extension+UIColor.swift */ = {isa = PBXFileReference; lastKnownFileType = sourcecode.swift; path = "Extension+UIColor.swift"; sourceTree = "<group>"; };
		A994F14329A142FD00026470 /* TasksPresenter.swift */ = {isa = PBXFileReference; lastKnownFileType = sourcecode.swift; path = TasksPresenter.swift; sourceTree = "<group>"; };
		A994F14429A142FD00026470 /* TasksWorker.swift */ = {isa = PBXFileReference; lastKnownFileType = sourcecode.swift; path = TasksWorker.swift; sourceTree = "<group>"; };
		A994F14529A142FD00026470 /* TasksRouter.swift */ = {isa = PBXFileReference; lastKnownFileType = sourcecode.swift; path = TasksRouter.swift; sourceTree = "<group>"; };
		A994F14629A142FD00026470 /* TasksModels.swift */ = {isa = PBXFileReference; lastKnownFileType = sourcecode.swift; path = TasksModels.swift; sourceTree = "<group>"; };
		A994F14729A142FD00026470 /* TasksViewController.swift */ = {isa = PBXFileReference; lastKnownFileType = sourcecode.swift; path = TasksViewController.swift; sourceTree = "<group>"; };
		A994F14829A142FD00026470 /* TasksInteractor.swift */ = {isa = PBXFileReference; lastKnownFileType = sourcecode.swift; path = TasksInteractor.swift; sourceTree = "<group>"; };
		A994F14F29A17F6100026470 /* Extension+UISearchBar.swift */ = {isa = PBXFileReference; lastKnownFileType = sourcecode.swift; path = "Extension+UISearchBar.swift"; sourceTree = "<group>"; };
		AA9E345D1F8CBF703A1F8BB1 /* Pods-VERO-DigitalSolutions-CaseStudy.debug.xcconfig */ = {isa = PBXFileReference; includeInIndex = 1; lastKnownFileType = text.xcconfig; name = "Pods-VERO-DigitalSolutions-CaseStudy.debug.xcconfig"; path = "Target Support Files/Pods-VERO-DigitalSolutions-CaseStudy/Pods-VERO-DigitalSolutions-CaseStudy.debug.xcconfig"; sourceTree = "<group>"; };
		ACC9E2A4ECFF3B75A4154D00 /* Pods-VERO-DigitalSolutions-CaseStudyTests.debug.xcconfig */ = {isa = PBXFileReference; includeInIndex = 1; lastKnownFileType = text.xcconfig; name = "Pods-VERO-DigitalSolutions-CaseStudyTests.debug.xcconfig"; path = "Target Support Files/Pods-VERO-DigitalSolutions-CaseStudyTests/Pods-VERO-DigitalSolutions-CaseStudyTests.debug.xcconfig"; sourceTree = "<group>"; };
		AD994402A5561EE5AD938B8B /* Pods_VERO_DigitalSolutions_CaseStudy_VERO_DigitalSolutions_CaseStudyUITests.framework */ = {isa = PBXFileReference; explicitFileType = wrapper.framework; includeInIndex = 0; path = Pods_VERO_DigitalSolutions_CaseStudy_VERO_DigitalSolutions_CaseStudyUITests.framework; sourceTree = BUILT_PRODUCTS_DIR; };
		D524252DECDD8043247AA5CF /* Pods-VERO-DigitalSolutions-CaseStudy-VERO-DigitalSolutions-CaseStudyUITests.debug.xcconfig */ = {isa = PBXFileReference; includeInIndex = 1; lastKnownFileType = text.xcconfig; name = "Pods-VERO-DigitalSolutions-CaseStudy-VERO-DigitalSolutions-CaseStudyUITests.debug.xcconfig"; path = "Target Support Files/Pods-VERO-DigitalSolutions-CaseStudy-VERO-DigitalSolutions-CaseStudyUITests/Pods-VERO-DigitalSolutions-CaseStudy-VERO-DigitalSolutions-CaseStudyUITests.debug.xcconfig"; sourceTree = "<group>"; };
/* End PBXFileReference section */

/* Begin PBXFrameworksBuildPhase section */
		A9655A2929A00282006897F1 /* Frameworks */ = {
			isa = PBXFrameworksBuildPhase;
			buildActionMask = 2147483647;
			files = (
				8DA2F376193754F32AC706E3 /* Pods_VERO_DigitalSolutions_CaseStudy.framework in Frameworks */,
			);
			runOnlyForDeploymentPostprocessing = 0;
		};
		A9655A3F29A00285006897F1 /* Frameworks */ = {
			isa = PBXFrameworksBuildPhase;
			buildActionMask = 2147483647;
			files = (
				74206C11A606AE5B599E2EC2 /* Pods_VERO_DigitalSolutions_CaseStudyTests.framework in Frameworks */,
			);
			runOnlyForDeploymentPostprocessing = 0;
		};
		A9655A4929A00285006897F1 /* Frameworks */ = {
			isa = PBXFrameworksBuildPhase;
			buildActionMask = 2147483647;
			files = (
				CD77DA87950FD1DB55E30663 /* Pods_VERO_DigitalSolutions_CaseStudy_VERO_DigitalSolutions_CaseStudyUITests.framework in Frameworks */,
			);
			runOnlyForDeploymentPostprocessing = 0;
		};
/* End PBXFrameworksBuildPhase section */

/* Begin PBXGroup section */
		57496D497CBF414005961815 /* Pods */ = {
			isa = PBXGroup;
			children = (
				AA9E345D1F8CBF703A1F8BB1 /* Pods-VERO-DigitalSolutions-CaseStudy.debug.xcconfig */,
				3DE973EF9DE27C1E226F3E99 /* Pods-VERO-DigitalSolutions-CaseStudy.release.xcconfig */,
				D524252DECDD8043247AA5CF /* Pods-VERO-DigitalSolutions-CaseStudy-VERO-DigitalSolutions-CaseStudyUITests.debug.xcconfig */,
				736DF959BB2C65F8BF80211E /* Pods-VERO-DigitalSolutions-CaseStudy-VERO-DigitalSolutions-CaseStudyUITests.release.xcconfig */,
				ACC9E2A4ECFF3B75A4154D00 /* Pods-VERO-DigitalSolutions-CaseStudyTests.debug.xcconfig */,
				6601F0042D2FF82C4A73E5AF /* Pods-VERO-DigitalSolutions-CaseStudyTests.release.xcconfig */,
			);
			path = Pods;
			sourceTree = "<group>";
		};
		5E6FB8671A779DF75AAC8C22 /* Frameworks */ = {
			isa = PBXGroup;
			children = (
				A8B0A49FAAF31D54F7B60577 /* Pods_VERO_DigitalSolutions_CaseStudy.framework */,
				AD994402A5561EE5AD938B8B /* Pods_VERO_DigitalSolutions_CaseStudy_VERO_DigitalSolutions_CaseStudyUITests.framework */,
				9B7117AE06D780F97FAEBD5E /* Pods_VERO_DigitalSolutions_CaseStudyTests.framework */,
			);
			name = Frameworks;
			sourceTree = "<group>";
		};
		A9655A2329A00282006897F1 = {
			isa = PBXGroup;
			children = (
				A9655A2E29A00282006897F1 /* VERO-DigitalSolutions-CaseStudy */,
				A9655A4529A00285006897F1 /* VERO-DigitalSolutions-CaseStudyTests */,
				A9655A4F29A00285006897F1 /* VERO-DigitalSolutions-CaseStudyUITests */,
				A9655A2D29A00282006897F1 /* Products */,
				57496D497CBF414005961815 /* Pods */,
				5E6FB8671A779DF75AAC8C22 /* Frameworks */,
			);
			sourceTree = "<group>";
		};
		A9655A2D29A00282006897F1 /* Products */ = {
			isa = PBXGroup;
			children = (
				A9655A2C29A00282006897F1 /* VERO-DigitalSolutions-CaseStudy.app */,
				A9655A4229A00285006897F1 /* VERO-DigitalSolutions-CaseStudyTests.xctest */,
				A9655A4C29A00285006897F1 /* VERO-DigitalSolutions-CaseStudyUITests.xctest */,
			);
			name = Products;
			sourceTree = "<group>";
		};
		A9655A2E29A00282006897F1 /* VERO-DigitalSolutions-CaseStudy */ = {
			isa = PBXGroup;
			children = (
				A994F14229A142EB00026470 /* TaskScene */,
				A9655A8029A010D3006897F1 /* Network */,
				A9655A7129A00A0E006897F1 /* LoginScene */,
				A9655A6E29A004BA006897F1 /* Extensions */,
				A9655A2F29A00282006897F1 /* AppDelegate.swift */,
				A9655A3129A00282006897F1 /* SceneDelegate.swift */,
				A9655A3829A00285006897F1 /* Assets.xcassets */,
				A9655A3A29A00285006897F1 /* LaunchScreen.storyboard */,
				A9655A3D29A00285006897F1 /* Info.plist */,
				A9396FEF29A10DD3001B0C17 /* Constants.swift */,
			);
			path = "VERO-DigitalSolutions-CaseStudy";
			sourceTree = "<group>";
		};
		A9655A4529A00285006897F1 /* VERO-DigitalSolutions-CaseStudyTests */ = {
			isa = PBXGroup;
			children = (
				A9655A4629A00285006897F1 /* VERO_DigitalSolutions_CaseStudyTests.swift */,
			);
			path = "VERO-DigitalSolutions-CaseStudyTests";
			sourceTree = "<group>";
		};
		A9655A4F29A00285006897F1 /* VERO-DigitalSolutions-CaseStudyUITests */ = {
			isa = PBXGroup;
			children = (
				A9655A5029A00285006897F1 /* VERO_DigitalSolutions_CaseStudyUITests.swift */,
				A9655A5229A00285006897F1 /* VERO_DigitalSolutions_CaseStudyUITestsLaunchTests.swift */,
			);
			path = "VERO-DigitalSolutions-CaseStudyUITests";
			sourceTree = "<group>";
		};
		A9655A6E29A004BA006897F1 /* Extensions */ = {
			isa = PBXGroup;
			children = (
				A9655A6F29A004E0006897F1 /* Extension+UIView.swift */,
				A9655A7E29A00FFF006897F1 /* Extension+UserDefaults.swift */,
				A9655A8729A01954006897F1 /* Extension+UIColor.swift */,
				A9396FF129A11897001B0C17 /* Extension+UIViewController.swift */,
				A994F14F29A17F6100026470 /* Extension+UISearchBar.swift */,
			);
			path = Extensions;
			sourceTree = "<group>";
		};
		A9655A7129A00A0E006897F1 /* LoginScene */ = {
			isa = PBXGroup;
			children = (
				A9655A7229A00A49006897F1 /* LoginPresenter.swift */,
				A9655A7329A00A49006897F1 /* LoginWorker.swift */,
				A9655A7429A00A49006897F1 /* LoginRouter.swift */,
				A9655A7529A00A49006897F1 /* LoginModels.swift */,
				A9655A7629A00A49006897F1 /* LoginViewController.swift */,
				A9655A7729A00A49006897F1 /* LoginInteractor.swift */,
			);
			path = LoginScene;
			sourceTree = "<group>";
		};
		A9655A8029A010D3006897F1 /* Network */ = {
			isa = PBXGroup;
			children = (
				A9655A8129A010E9006897F1 /* ReachabilityManager.swift */,
				A9396FED29A0E597001B0C17 /* NetworkService.swift */,
			);
			path = Network;
			sourceTree = "<group>";
		};
		A994F14229A142EB00026470 /* TaskScene */ = {
			isa = PBXGroup;
			children = (
				A994F14329A142FD00026470 /* TasksPresenter.swift */,
				A994F14429A142FD00026470 /* TasksWorker.swift */,
				A994F14529A142FD00026470 /* TasksRouter.swift */,
				A994F14629A142FD00026470 /* TasksModels.swift */,
				A994F14729A142FD00026470 /* TasksViewController.swift */,
				A994F14829A142FD00026470 /* TasksInteractor.swift */,
			);
			path = TaskScene;
			sourceTree = "<group>";
		};
/* End PBXGroup section */

/* Begin PBXNativeTarget section */
		A9655A2B29A00282006897F1 /* VERO-DigitalSolutions-CaseStudy */ = {
			isa = PBXNativeTarget;
			buildConfigurationList = A9655A5629A00285006897F1 /* Build configuration list for PBXNativeTarget "VERO-DigitalSolutions-CaseStudy" */;
			buildPhases = (
				2C88F4BBEBC7E5CAD3724292 /* [CP] Check Pods Manifest.lock */,
				A9655A2829A00282006897F1 /* Sources */,
				A9655A2929A00282006897F1 /* Frameworks */,
				A9655A2A29A00282006897F1 /* Resources */,
				FE72F0C4D8B64E00381C5045 /* [CP] Embed Pods Frameworks */,
			);
			buildRules = (
			);
			dependencies = (
			);
			name = "VERO-DigitalSolutions-CaseStudy";
			productName = "VERO-DigitalSolutions-CaseStudy";
			productReference = A9655A2C29A00282006897F1 /* VERO-DigitalSolutions-CaseStudy.app */;
			productType = "com.apple.product-type.application";
		};
		A9655A4129A00285006897F1 /* VERO-DigitalSolutions-CaseStudyTests */ = {
			isa = PBXNativeTarget;
			buildConfigurationList = A9655A5929A00285006897F1 /* Build configuration list for PBXNativeTarget "VERO-DigitalSolutions-CaseStudyTests" */;
			buildPhases = (
				1283262E6A59BBB25E6D589D /* [CP] Check Pods Manifest.lock */,
				A9655A3E29A00285006897F1 /* Sources */,
				A9655A3F29A00285006897F1 /* Frameworks */,
				A9655A4029A00285006897F1 /* Resources */,
			);
			buildRules = (
			);
			dependencies = (
				A9655A4429A00285006897F1 /* PBXTargetDependency */,
			);
			name = "VERO-DigitalSolutions-CaseStudyTests";
			productName = "VERO-DigitalSolutions-CaseStudyTests";
			productReference = A9655A4229A00285006897F1 /* VERO-DigitalSolutions-CaseStudyTests.xctest */;
			productType = "com.apple.product-type.bundle.unit-test";
		};
		A9655A4B29A00285006897F1 /* VERO-DigitalSolutions-CaseStudyUITests */ = {
			isa = PBXNativeTarget;
			buildConfigurationList = A9655A5C29A00285006897F1 /* Build configuration list for PBXNativeTarget "VERO-DigitalSolutions-CaseStudyUITests" */;
			buildPhases = (
				0A00CBE4598A146D7E62A56D /* [CP] Check Pods Manifest.lock */,
				A9655A4829A00285006897F1 /* Sources */,
				A9655A4929A00285006897F1 /* Frameworks */,
				A9655A4A29A00285006897F1 /* Resources */,
				E4197017E016280D8AA572A8 /* [CP] Embed Pods Frameworks */,
			);
			buildRules = (
			);
			dependencies = (
				A9655A4E29A00285006897F1 /* PBXTargetDependency */,
			);
			name = "VERO-DigitalSolutions-CaseStudyUITests";
			productName = "VERO-DigitalSolutions-CaseStudyUITests";
			productReference = A9655A4C29A00285006897F1 /* VERO-DigitalSolutions-CaseStudyUITests.xctest */;
			productType = "com.apple.product-type.bundle.ui-testing";
		};
/* End PBXNativeTarget section */

/* Begin PBXProject section */
		A9655A2429A00282006897F1 /* Project object */ = {
			isa = PBXProject;
			attributes = {
				BuildIndependentTargetsInParallel = 1;
				LastSwiftUpdateCheck = 1420;
				LastUpgradeCheck = 1420;
				TargetAttributes = {
					A9655A2B29A00282006897F1 = {
						CreatedOnToolsVersion = 14.2;
					};
					A9655A4129A00285006897F1 = {
						CreatedOnToolsVersion = 14.2;
						TestTargetID = A9655A2B29A00282006897F1;
					};
					A9655A4B29A00285006897F1 = {
						CreatedOnToolsVersion = 14.2;
						TestTargetID = A9655A2B29A00282006897F1;
					};
				};
			};
			buildConfigurationList = A9655A2729A00282006897F1 /* Build configuration list for PBXProject "VERO-DigitalSolutions-CaseStudy" */;
			compatibilityVersion = "Xcode 14.0";
			developmentRegion = en;
			hasScannedForEncodings = 0;
			knownRegions = (
				en,
				Base,
			);
			mainGroup = A9655A2329A00282006897F1;
			productRefGroup = A9655A2D29A00282006897F1 /* Products */;
			projectDirPath = "";
			projectRoot = "";
			targets = (
				A9655A2B29A00282006897F1 /* VERO-DigitalSolutions-CaseStudy */,
				A9655A4129A00285006897F1 /* VERO-DigitalSolutions-CaseStudyTests */,
				A9655A4B29A00285006897F1 /* VERO-DigitalSolutions-CaseStudyUITests */,
			);
		};
/* End PBXProject section */

/* Begin PBXResourcesBuildPhase section */
		A9655A2A29A00282006897F1 /* Resources */ = {
			isa = PBXResourcesBuildPhase;
			buildActionMask = 2147483647;
			files = (
				A9655A3C29A00285006897F1 /* LaunchScreen.storyboard in Resources */,
				A9655A3929A00285006897F1 /* Assets.xcassets in Resources */,
			);
			runOnlyForDeploymentPostprocessing = 0;
		};
		A9655A4029A00285006897F1 /* Resources */ = {
			isa = PBXResourcesBuildPhase;
			buildActionMask = 2147483647;
			files = (
			);
			runOnlyForDeploymentPostprocessing = 0;
		};
		A9655A4A29A00285006897F1 /* Resources */ = {
			isa = PBXResourcesBuildPhase;
			buildActionMask = 2147483647;
			files = (
			);
			runOnlyForDeploymentPostprocessing = 0;
		};
/* End PBXResourcesBuildPhase section */

/* Begin PBXShellScriptBuildPhase section */
		0A00CBE4598A146D7E62A56D /* [CP] Check Pods Manifest.lock */ = {
			isa = PBXShellScriptBuildPhase;
			buildActionMask = 2147483647;
			files = (
			);
			inputFileListPaths = (
			);
			inputPaths = (
				"${PODS_PODFILE_DIR_PATH}/Podfile.lock",
				"${PODS_ROOT}/Manifest.lock",
			);
			name = "[CP] Check Pods Manifest.lock";
			outputFileListPaths = (
			);
			outputPaths = (
				"$(DERIVED_FILE_DIR)/Pods-VERO-DigitalSolutions-CaseStudy-VERO-DigitalSolutions-CaseStudyUITests-checkManifestLockResult.txt",
			);
			runOnlyForDeploymentPostprocessing = 0;
			shellPath = /bin/sh;
			shellScript = "diff \"${PODS_PODFILE_DIR_PATH}/Podfile.lock\" \"${PODS_ROOT}/Manifest.lock\" > /dev/null\nif [ $? != 0 ] ; then\n    # print error to STDERR\n    echo \"error: The sandbox is not in sync with the Podfile.lock. Run 'pod install' or update your CocoaPods installation.\" >&2\n    exit 1\nfi\n# This output is used by Xcode 'outputs' to avoid re-running this script phase.\necho \"SUCCESS\" > \"${SCRIPT_OUTPUT_FILE_0}\"\n";
			showEnvVarsInLog = 0;
		};
		1283262E6A59BBB25E6D589D /* [CP] Check Pods Manifest.lock */ = {
			isa = PBXShellScriptBuildPhase;
			buildActionMask = 2147483647;
			files = (
			);
			inputFileListPaths = (
			);
			inputPaths = (
				"${PODS_PODFILE_DIR_PATH}/Podfile.lock",
				"${PODS_ROOT}/Manifest.lock",
			);
			name = "[CP] Check Pods Manifest.lock";
			outputFileListPaths = (
			);
			outputPaths = (
				"$(DERIVED_FILE_DIR)/Pods-VERO-DigitalSolutions-CaseStudyTests-checkManifestLockResult.txt",
			);
			runOnlyForDeploymentPostprocessing = 0;
			shellPath = /bin/sh;
			shellScript = "diff \"${PODS_PODFILE_DIR_PATH}/Podfile.lock\" \"${PODS_ROOT}/Manifest.lock\" > /dev/null\nif [ $? != 0 ] ; then\n    # print error to STDERR\n    echo \"error: The sandbox is not in sync with the Podfile.lock. Run 'pod install' or update your CocoaPods installation.\" >&2\n    exit 1\nfi\n# This output is used by Xcode 'outputs' to avoid re-running this script phase.\necho \"SUCCESS\" > \"${SCRIPT_OUTPUT_FILE_0}\"\n";
			showEnvVarsInLog = 0;
		};
		2C88F4BBEBC7E5CAD3724292 /* [CP] Check Pods Manifest.lock */ = {
			isa = PBXShellScriptBuildPhase;
			buildActionMask = 2147483647;
			files = (
			);
			inputFileListPaths = (
			);
			inputPaths = (
				"${PODS_PODFILE_DIR_PATH}/Podfile.lock",
				"${PODS_ROOT}/Manifest.lock",
			);
			name = "[CP] Check Pods Manifest.lock";
			outputFileListPaths = (
			);
			outputPaths = (
				"$(DERIVED_FILE_DIR)/Pods-VERO-DigitalSolutions-CaseStudy-checkManifestLockResult.txt",
			);
			runOnlyForDeploymentPostprocessing = 0;
			shellPath = /bin/sh;
			shellScript = "diff \"${PODS_PODFILE_DIR_PATH}/Podfile.lock\" \"${PODS_ROOT}/Manifest.lock\" > /dev/null\nif [ $? != 0 ] ; then\n    # print error to STDERR\n    echo \"error: The sandbox is not in sync with the Podfile.lock. Run 'pod install' or update your CocoaPods installation.\" >&2\n    exit 1\nfi\n# This output is used by Xcode 'outputs' to avoid re-running this script phase.\necho \"SUCCESS\" > \"${SCRIPT_OUTPUT_FILE_0}\"\n";
			showEnvVarsInLog = 0;
		};
		E4197017E016280D8AA572A8 /* [CP] Embed Pods Frameworks */ = {
			isa = PBXShellScriptBuildPhase;
			buildActionMask = 2147483647;
			files = (
			);
			inputFileListPaths = (
				"${PODS_ROOT}/Target Support Files/Pods-VERO-DigitalSolutions-CaseStudy-VERO-DigitalSolutions-CaseStudyUITests/Pods-VERO-DigitalSolutions-CaseStudy-VERO-DigitalSolutions-CaseStudyUITests-frameworks-${CONFIGURATION}-input-files.xcfilelist",
			);
			name = "[CP] Embed Pods Frameworks";
			outputFileListPaths = (
				"${PODS_ROOT}/Target Support Files/Pods-VERO-DigitalSolutions-CaseStudy-VERO-DigitalSolutions-CaseStudyUITests/Pods-VERO-DigitalSolutions-CaseStudy-VERO-DigitalSolutions-CaseStudyUITests-frameworks-${CONFIGURATION}-output-files.xcfilelist",
			);
			runOnlyForDeploymentPostprocessing = 0;
			shellPath = /bin/sh;
			shellScript = "\"${PODS_ROOT}/Target Support Files/Pods-VERO-DigitalSolutions-CaseStudy-VERO-DigitalSolutions-CaseStudyUITests/Pods-VERO-DigitalSolutions-CaseStudy-VERO-DigitalSolutions-CaseStudyUITests-frameworks.sh\"\n";
			showEnvVarsInLog = 0;
		};
		FE72F0C4D8B64E00381C5045 /* [CP] Embed Pods Frameworks */ = {
			isa = PBXShellScriptBuildPhase;
			buildActionMask = 2147483647;
			files = (
			);
			inputFileListPaths = (
				"${PODS_ROOT}/Target Support Files/Pods-VERO-DigitalSolutions-CaseStudy/Pods-VERO-DigitalSolutions-CaseStudy-frameworks-${CONFIGURATION}-input-files.xcfilelist",
			);
			name = "[CP] Embed Pods Frameworks";
			outputFileListPaths = (
				"${PODS_ROOT}/Target Support Files/Pods-VERO-DigitalSolutions-CaseStudy/Pods-VERO-DigitalSolutions-CaseStudy-frameworks-${CONFIGURATION}-output-files.xcfilelist",
			);
			runOnlyForDeploymentPostprocessing = 0;
			shellPath = /bin/sh;
			shellScript = "\"${PODS_ROOT}/Target Support Files/Pods-VERO-DigitalSolutions-CaseStudy/Pods-VERO-DigitalSolutions-CaseStudy-frameworks.sh\"\n";
			showEnvVarsInLog = 0;
		};
/* End PBXShellScriptBuildPhase section */

/* Begin PBXSourcesBuildPhase section */
		A9655A2829A00282006897F1 /* Sources */ = {
			isa = PBXSourcesBuildPhase;
			buildActionMask = 2147483647;
			files = (
				A9655A7C29A00A49006897F1 /* LoginViewController.swift in Sources */,
				A994F14A29A142FD00026470 /* TasksWorker.swift in Sources */,
				A9655A7829A00A49006897F1 /* LoginPresenter.swift in Sources */,
				A994F15029A17F6100026470 /* Extension+UISearchBar.swift in Sources */,
				A994F14E29A142FD00026470 /* TasksInteractor.swift in Sources */,
				A9655A7029A004E0006897F1 /* Extension+UIView.swift in Sources */,
				A9655A8229A010E9006897F1 /* ReachabilityManager.swift in Sources */,
				A9655A7F29A00FFF006897F1 /* Extension+UserDefaults.swift in Sources */,
				A9655A7929A00A49006897F1 /* LoginWorker.swift in Sources */,
				A9655A7B29A00A49006897F1 /* LoginModels.swift in Sources */,
				A9655A3029A00282006897F1 /* AppDelegate.swift in Sources */,
				A994F14C29A142FD00026470 /* TasksModels.swift in Sources */,
				A9396FF229A11897001B0C17 /* Extension+UIViewController.swift in Sources */,
				A9655A7D29A00A49006897F1 /* LoginInteractor.swift in Sources */,
				A9655A7A29A00A49006897F1 /* LoginRouter.swift in Sources */,
				A9655A3229A00282006897F1 /* SceneDelegate.swift in Sources */,
				A994F14B29A142FD00026470 /* TasksRouter.swift in Sources */,
				A9396FF029A10DD3001B0C17 /* Constants.swift in Sources */,
				A994F14929A142FD00026470 /* TasksPresenter.swift in Sources */,
				A994F14D29A142FD00026470 /* TasksViewController.swift in Sources */,
				A9396FEE29A0E597001B0C17 /* NetworkService.swift in Sources */,
				A9655A8829A01954006897F1 /* Extension+UIColor.swift in Sources */,
			);
			runOnlyForDeploymentPostprocessing = 0;
		};
		A9655A3E29A00285006897F1 /* Sources */ = {
			isa = PBXSourcesBuildPhase;
			buildActionMask = 2147483647;
			files = (
				A9655A4729A00285006897F1 /* VERO_DigitalSolutions_CaseStudyTests.swift in Sources */,
			);
			runOnlyForDeploymentPostprocessing = 0;
		};
		A9655A4829A00285006897F1 /* Sources */ = {
			isa = PBXSourcesBuildPhase;
			buildActionMask = 2147483647;
			files = (
				A9655A5329A00285006897F1 /* VERO_DigitalSolutions_CaseStudyUITestsLaunchTests.swift in Sources */,
				A9655A5129A00285006897F1 /* VERO_DigitalSolutions_CaseStudyUITests.swift in Sources */,
			);
			runOnlyForDeploymentPostprocessing = 0;
		};
/* End PBXSourcesBuildPhase section */

/* Begin PBXTargetDependency section */
		A9655A4429A00285006897F1 /* PBXTargetDependency */ = {
			isa = PBXTargetDependency;
			target = A9655A2B29A00282006897F1 /* VERO-DigitalSolutions-CaseStudy */;
			targetProxy = A9655A4329A00285006897F1 /* PBXContainerItemProxy */;
		};
		A9655A4E29A00285006897F1 /* PBXTargetDependency */ = {
			isa = PBXTargetDependency;
			target = A9655A2B29A00282006897F1 /* VERO-DigitalSolutions-CaseStudy */;
			targetProxy = A9655A4D29A00285006897F1 /* PBXContainerItemProxy */;
		};
/* End PBXTargetDependency section */

/* Begin PBXVariantGroup section */
		A9655A3A29A00285006897F1 /* LaunchScreen.storyboard */ = {
			isa = PBXVariantGroup;
			children = (
				A9655A3B29A00285006897F1 /* Base */,
			);
			name = LaunchScreen.storyboard;
			sourceTree = "<group>";
		};
/* End PBXVariantGroup section */

/* Begin XCBuildConfiguration section */
		A9655A5429A00285006897F1 /* Debug */ = {
			isa = XCBuildConfiguration;
			buildSettings = {
				ALWAYS_SEARCH_USER_PATHS = NO;
				CLANG_ANALYZER_NONNULL = YES;
				CLANG_ANALYZER_NUMBER_OBJECT_CONVERSION = YES_AGGRESSIVE;
				CLANG_CXX_LANGUAGE_STANDARD = "gnu++20";
				CLANG_ENABLE_MODULES = YES;
				CLANG_ENABLE_OBJC_ARC = YES;
				CLANG_ENABLE_OBJC_WEAK = YES;
				CLANG_WARN_BLOCK_CAPTURE_AUTORELEASING = YES;
				CLANG_WARN_BOOL_CONVERSION = YES;
				CLANG_WARN_COMMA = YES;
				CLANG_WARN_CONSTANT_CONVERSION = YES;
				CLANG_WARN_DEPRECATED_OBJC_IMPLEMENTATIONS = YES;
				CLANG_WARN_DIRECT_OBJC_ISA_USAGE = YES_ERROR;
				CLANG_WARN_DOCUMENTATION_COMMENTS = YES;
				CLANG_WARN_EMPTY_BODY = YES;
				CLANG_WARN_ENUM_CONVERSION = YES;
				CLANG_WARN_INFINITE_RECURSION = YES;
				CLANG_WARN_INT_CONVERSION = YES;
				CLANG_WARN_NON_LITERAL_NULL_CONVERSION = YES;
				CLANG_WARN_OBJC_IMPLICIT_RETAIN_SELF = YES;
				CLANG_WARN_OBJC_LITERAL_CONVERSION = YES;
				CLANG_WARN_OBJC_ROOT_CLASS = YES_ERROR;
				CLANG_WARN_QUOTED_INCLUDE_IN_FRAMEWORK_HEADER = YES;
				CLANG_WARN_RANGE_LOOP_ANALYSIS = YES;
				CLANG_WARN_STRICT_PROTOTYPES = YES;
				CLANG_WARN_SUSPICIOUS_MOVE = YES;
				CLANG_WARN_UNGUARDED_AVAILABILITY = YES_AGGRESSIVE;
				CLANG_WARN_UNREACHABLE_CODE = YES;
				CLANG_WARN__DUPLICATE_METHOD_MATCH = YES;
				COPY_PHASE_STRIP = NO;
				DEBUG_INFORMATION_FORMAT = dwarf;
				ENABLE_STRICT_OBJC_MSGSEND = YES;
				ENABLE_TESTABILITY = YES;
				GCC_C_LANGUAGE_STANDARD = gnu11;
				GCC_DYNAMIC_NO_PIC = NO;
				GCC_NO_COMMON_BLOCKS = YES;
				GCC_OPTIMIZATION_LEVEL = 0;
				GCC_PREPROCESSOR_DEFINITIONS = (
					"DEBUG=1",
					"$(inherited)",
				);
				GCC_WARN_64_TO_32_BIT_CONVERSION = YES;
				GCC_WARN_ABOUT_RETURN_TYPE = YES_ERROR;
				GCC_WARN_UNDECLARED_SELECTOR = YES;
				GCC_WARN_UNINITIALIZED_AUTOS = YES_AGGRESSIVE;
				GCC_WARN_UNUSED_FUNCTION = YES;
				GCC_WARN_UNUSED_VARIABLE = YES;
				IPHONEOS_DEPLOYMENT_TARGET = 16.2;
				MTL_ENABLE_DEBUG_INFO = INCLUDE_SOURCE;
				MTL_FAST_MATH = YES;
				ONLY_ACTIVE_ARCH = YES;
				SDKROOT = iphoneos;
				SWIFT_ACTIVE_COMPILATION_CONDITIONS = DEBUG;
				SWIFT_OPTIMIZATION_LEVEL = "-Onone";
			};
			name = Debug;
		};
		A9655A5529A00285006897F1 /* Release */ = {
			isa = XCBuildConfiguration;
			buildSettings = {
				ALWAYS_SEARCH_USER_PATHS = NO;
				CLANG_ANALYZER_NONNULL = YES;
				CLANG_ANALYZER_NUMBER_OBJECT_CONVERSION = YES_AGGRESSIVE;
				CLANG_CXX_LANGUAGE_STANDARD = "gnu++20";
				CLANG_ENABLE_MODULES = YES;
				CLANG_ENABLE_OBJC_ARC = YES;
				CLANG_ENABLE_OBJC_WEAK = YES;
				CLANG_WARN_BLOCK_CAPTURE_AUTORELEASING = YES;
				CLANG_WARN_BOOL_CONVERSION = YES;
				CLANG_WARN_COMMA = YES;
				CLANG_WARN_CONSTANT_CONVERSION = YES;
				CLANG_WARN_DEPRECATED_OBJC_IMPLEMENTATIONS = YES;
				CLANG_WARN_DIRECT_OBJC_ISA_USAGE = YES_ERROR;
				CLANG_WARN_DOCUMENTATION_COMMENTS = YES;
				CLANG_WARN_EMPTY_BODY = YES;
				CLANG_WARN_ENUM_CONVERSION = YES;
				CLANG_WARN_INFINITE_RECURSION = YES;
				CLANG_WARN_INT_CONVERSION = YES;
				CLANG_WARN_NON_LITERAL_NULL_CONVERSION = YES;
				CLANG_WARN_OBJC_IMPLICIT_RETAIN_SELF = YES;
				CLANG_WARN_OBJC_LITERAL_CONVERSION = YES;
				CLANG_WARN_OBJC_ROOT_CLASS = YES_ERROR;
				CLANG_WARN_QUOTED_INCLUDE_IN_FRAMEWORK_HEADER = YES;
				CLANG_WARN_RANGE_LOOP_ANALYSIS = YES;
				CLANG_WARN_STRICT_PROTOTYPES = YES;
				CLANG_WARN_SUSPICIOUS_MOVE = YES;
				CLANG_WARN_UNGUARDED_AVAILABILITY = YES_AGGRESSIVE;
				CLANG_WARN_UNREACHABLE_CODE = YES;
				CLANG_WARN__DUPLICATE_METHOD_MATCH = YES;
				COPY_PHASE_STRIP = NO;
				DEBUG_INFORMATION_FORMAT = "dwarf-with-dsym";
				ENABLE_NS_ASSERTIONS = NO;
				ENABLE_STRICT_OBJC_MSGSEND = YES;
				GCC_C_LANGUAGE_STANDARD = gnu11;
				GCC_NO_COMMON_BLOCKS = YES;
				GCC_WARN_64_TO_32_BIT_CONVERSION = YES;
				GCC_WARN_ABOUT_RETURN_TYPE = YES_ERROR;
				GCC_WARN_UNDECLARED_SELECTOR = YES;
				GCC_WARN_UNINITIALIZED_AUTOS = YES_AGGRESSIVE;
				GCC_WARN_UNUSED_FUNCTION = YES;
				GCC_WARN_UNUSED_VARIABLE = YES;
				IPHONEOS_DEPLOYMENT_TARGET = 16.2;
				MTL_ENABLE_DEBUG_INFO = NO;
				MTL_FAST_MATH = YES;
				SDKROOT = iphoneos;
				SWIFT_COMPILATION_MODE = wholemodule;
				SWIFT_OPTIMIZATION_LEVEL = "-O";
				VALIDATE_PRODUCT = YES;
			};
			name = Release;
		};
		A9655A5729A00285006897F1 /* Debug */ = {
			isa = XCBuildConfiguration;
			baseConfigurationReference = AA9E345D1F8CBF703A1F8BB1 /* Pods-VERO-DigitalSolutions-CaseStudy.debug.xcconfig */;
			buildSettings = {
				ASSETCATALOG_COMPILER_APPICON_NAME = AppIcon;
				ASSETCATALOG_COMPILER_GLOBAL_ACCENT_COLOR_NAME = AccentColor;
				CODE_SIGN_STYLE = Automatic;
				CURRENT_PROJECT_VERSION = 1;
				DEVELOPMENT_TEAM = N6GL6JZ5NB;
				GENERATE_INFOPLIST_FILE = YES;
				INFOPLIST_FILE = "VERO-DigitalSolutions-CaseStudy/Info.plist";
				INFOPLIST_KEY_UIApplicationSupportsIndirectInputEvents = YES;
				INFOPLIST_KEY_UILaunchStoryboardName = LaunchScreen;
				INFOPLIST_KEY_UISupportedInterfaceOrientations = UIInterfaceOrientationPortrait;
				INFOPLIST_KEY_UISupportedInterfaceOrientations_iPad = "UIInterfaceOrientationLandscapeLeft UIInterfaceOrientationLandscapeRight UIInterfaceOrientationPortrait UIInterfaceOrientationPortraitUpsideDown";
				LD_RUNPATH_SEARCH_PATHS = (
					"$(inherited)",
					"@executable_path/Frameworks",
				);
				MARKETING_VERSION = 1.0;
				PRODUCT_BUNDLE_IDENTIFIER = "com.hasan.VERO-DigitalSolutions-CaseStudy";
				PRODUCT_NAME = "$(TARGET_NAME)";
				SUPPORTED_PLATFORMS = "iphoneos iphonesimulator";
				SUPPORTS_MACCATALYST = NO;
				SUPPORTS_MAC_DESIGNED_FOR_IPHONE_IPAD = NO;
				SWIFT_EMIT_LOC_STRINGS = YES;
				SWIFT_VERSION = 5.0;
				TARGETED_DEVICE_FAMILY = 1;
			};
			name = Debug;
		};
		A9655A5829A00285006897F1 /* Release */ = {
			isa = XCBuildConfiguration;
			baseConfigurationReference = 3DE973EF9DE27C1E226F3E99 /* Pods-VERO-DigitalSolutions-CaseStudy.release.xcconfig */;
			buildSettings = {
				ASSETCATALOG_COMPILER_APPICON_NAME = AppIcon;
				ASSETCATALOG_COMPILER_GLOBAL_ACCENT_COLOR_NAME = AccentColor;
				CODE_SIGN_STYLE = Automatic;
				CURRENT_PROJECT_VERSION = 1;
				DEVELOPMENT_TEAM = N6GL6JZ5NB;
				GENERATE_INFOPLIST_FILE = YES;
				INFOPLIST_FILE = "VERO-DigitalSolutions-CaseStudy/Info.plist";
				INFOPLIST_KEY_UIApplicationSupportsIndirectInputEvents = YES;
				INFOPLIST_KEY_UILaunchStoryboardName = LaunchScreen;
				INFOPLIST_KEY_UISupportedInterfaceOrientations = UIInterfaceOrientationPortrait;
				INFOPLIST_KEY_UISupportedInterfaceOrientations_iPad = "UIInterfaceOrientationLandscapeLeft UIInterfaceOrientationLandscapeRight UIInterfaceOrientationPortrait UIInterfaceOrientationPortraitUpsideDown";
				LD_RUNPATH_SEARCH_PATHS = (
					"$(inherited)",
					"@executable_path/Frameworks",
				);
				MARKETING_VERSION = 1.0;
				PRODUCT_BUNDLE_IDENTIFIER = "com.hasan.VERO-DigitalSolutions-CaseStudy";
				PRODUCT_NAME = "$(TARGET_NAME)";
				SUPPORTED_PLATFORMS = "iphoneos iphonesimulator";
				SUPPORTS_MACCATALYST = NO;
				SUPPORTS_MAC_DESIGNED_FOR_IPHONE_IPAD = NO;
				SWIFT_EMIT_LOC_STRINGS = YES;
				SWIFT_VERSION = 5.0;
				TARGETED_DEVICE_FAMILY = 1;
			};
			name = Release;
		};
		A9655A5A29A00285006897F1 /* Debug */ = {
			isa = XCBuildConfiguration;
			baseConfigurationReference = ACC9E2A4ECFF3B75A4154D00 /* Pods-VERO-DigitalSolutions-CaseStudyTests.debug.xcconfig */;
			buildSettings = {
				ALWAYS_EMBED_SWIFT_STANDARD_LIBRARIES = YES;
				BUNDLE_LOADER = "$(TEST_HOST)";
				CODE_SIGN_STYLE = Automatic;
				CURRENT_PROJECT_VERSION = 1;
				DEVELOPMENT_TEAM = N6GL6JZ5NB;
				GENERATE_INFOPLIST_FILE = YES;
				IPHONEOS_DEPLOYMENT_TARGET = 16.2;
				MARKETING_VERSION = 1.0;
				PRODUCT_BUNDLE_IDENTIFIER = "com.hasan.VERO-DigitalSolutions-CaseStudyTests";
				PRODUCT_NAME = "$(TARGET_NAME)";
				SWIFT_EMIT_LOC_STRINGS = NO;
				SWIFT_VERSION = 5.0;
				TARGETED_DEVICE_FAMILY = "1,2";
				TEST_HOST = "$(BUILT_PRODUCTS_DIR)/VERO-DigitalSolutions-CaseStudy.app/$(BUNDLE_EXECUTABLE_FOLDER_PATH)/VERO-DigitalSolutions-CaseStudy";
			};
			name = Debug;
		};
		A9655A5B29A00285006897F1 /* Release */ = {
			isa = XCBuildConfiguration;
			baseConfigurationReference = 6601F0042D2FF82C4A73E5AF /* Pods-VERO-DigitalSolutions-CaseStudyTests.release.xcconfig */;
			buildSettings = {
				ALWAYS_EMBED_SWIFT_STANDARD_LIBRARIES = YES;
				BUNDLE_LOADER = "$(TEST_HOST)";
				CODE_SIGN_STYLE = Automatic;
				CURRENT_PROJECT_VERSION = 1;
				DEVELOPMENT_TEAM = N6GL6JZ5NB;
				GENERATE_INFOPLIST_FILE = YES;
				IPHONEOS_DEPLOYMENT_TARGET = 16.2;
				MARKETING_VERSION = 1.0;
				PRODUCT_BUNDLE_IDENTIFIER = "com.hasan.VERO-DigitalSolutions-CaseStudyTests";
				PRODUCT_NAME = "$(TARGET_NAME)";
				SWIFT_EMIT_LOC_STRINGS = NO;
				SWIFT_VERSION = 5.0;
				TARGETED_DEVICE_FAMILY = "1,2";
				TEST_HOST = "$(BUILT_PRODUCTS_DIR)/VERO-DigitalSolutions-CaseStudy.app/$(BUNDLE_EXECUTABLE_FOLDER_PATH)/VERO-DigitalSolutions-CaseStudy";
			};
			name = Release;
		};
		A9655A5D29A00285006897F1 /* Debug */ = {
			isa = XCBuildConfiguration;
			baseConfigurationReference = D524252DECDD8043247AA5CF /* Pods-VERO-DigitalSolutions-CaseStudy-VERO-DigitalSolutions-CaseStudyUITests.debug.xcconfig */;
			buildSettings = {
				ALWAYS_EMBED_SWIFT_STANDARD_LIBRARIES = YES;
				CODE_SIGN_STYLE = Automatic;
				CURRENT_PROJECT_VERSION = 1;
				DEVELOPMENT_TEAM = N6GL6JZ5NB;
				GENERATE_INFOPLIST_FILE = YES;
				MARKETING_VERSION = 1.0;
				PRODUCT_BUNDLE_IDENTIFIER = "com.hasan.VERO-DigitalSolutions-CaseStudyUITests";
				PRODUCT_NAME = "$(TARGET_NAME)";
				SWIFT_EMIT_LOC_STRINGS = NO;
				SWIFT_VERSION = 5.0;
				TARGETED_DEVICE_FAMILY = "1,2";
				TEST_TARGET_NAME = "VERO-DigitalSolutions-CaseStudy";
			};
			name = Debug;
		};
		A9655A5E29A00285006897F1 /* Release */ = {
			isa = XCBuildConfiguration;
			baseConfigurationReference = 736DF959BB2C65F8BF80211E /* Pods-VERO-DigitalSolutions-CaseStudy-VERO-DigitalSolutions-CaseStudyUITests.release.xcconfig */;
			buildSettings = {
				ALWAYS_EMBED_SWIFT_STANDARD_LIBRARIES = YES;
				CODE_SIGN_STYLE = Automatic;
				CURRENT_PROJECT_VERSION = 1;
				DEVELOPMENT_TEAM = N6GL6JZ5NB;
				GENERATE_INFOPLIST_FILE = YES;
				MARKETING_VERSION = 1.0;
				PRODUCT_BUNDLE_IDENTIFIER = "com.hasan.VERO-DigitalSolutions-CaseStudyUITests";
				PRODUCT_NAME = "$(TARGET_NAME)";
				SWIFT_EMIT_LOC_STRINGS = NO;
				SWIFT_VERSION = 5.0;
				TARGETED_DEVICE_FAMILY = "1,2";
				TEST_TARGET_NAME = "VERO-DigitalSolutions-CaseStudy";
			};
			name = Release;
		};
/* End XCBuildConfiguration section */

/* Begin XCConfigurationList section */
		A9655A2729A00282006897F1 /* Build configuration list for PBXProject "VERO-DigitalSolutions-CaseStudy" */ = {
			isa = XCConfigurationList;
			buildConfigurations = (
				A9655A5429A00285006897F1 /* Debug */,
				A9655A5529A00285006897F1 /* Release */,
			);
			defaultConfigurationIsVisible = 0;
			defaultConfigurationName = Release;
		};
		A9655A5629A00285006897F1 /* Build configuration list for PBXNativeTarget "VERO-DigitalSolutions-CaseStudy" */ = {
			isa = XCConfigurationList;
			buildConfigurations = (
				A9655A5729A00285006897F1 /* Debug */,
				A9655A5829A00285006897F1 /* Release */,
			);
			defaultConfigurationIsVisible = 0;
			defaultConfigurationName = Release;
		};
		A9655A5929A00285006897F1 /* Build configuration list for PBXNativeTarget "VERO-DigitalSolutions-CaseStudyTests" */ = {
			isa = XCConfigurationList;
			buildConfigurations = (
				A9655A5A29A00285006897F1 /* Debug */,
				A9655A5B29A00285006897F1 /* Release */,
			);
			defaultConfigurationIsVisible = 0;
			defaultConfigurationName = Release;
		};
		A9655A5C29A00285006897F1 /* Build configuration list for PBXNativeTarget "VERO-DigitalSolutions-CaseStudyUITests" */ = {
			isa = XCConfigurationList;
			buildConfigurations = (
				A9655A5D29A00285006897F1 /* Debug */,
				A9655A5E29A00285006897F1 /* Release */,
			);
			defaultConfigurationIsVisible = 0;
			defaultConfigurationName = Release;
		};
/* End XCConfigurationList section */
	};
	rootObject = A9655A2429A00282006897F1 /* Project object */;
}
